
Microsoft Visual Studio Solution File, Format Version 12.00
# Visual Studio Version 16
VisualStudioVersion = 16.0.29613.14
MinimumVisualStudioVersion = 10.0.40219.1
Project("{8BC9CEB8-8B4A-11D0-8D11-00A0C91BC942}") = "10.1", "10.1\10.1.vcxproj", "{478120AC-1C13-4779-8CF2-4B7CB25B4021}"
EndProject
Project("{8BC9CEB8-8B4A-11D0-8D11-00A0C91BC942}") = "10.2", "10.2\10.2.vcxproj", "{F7ADEB45-B3FD-404B-BB5F-B8337E09B41D}"
EndProject
Project("{8BC9CEB8-8B4A-11D0-8D11-00A0C91BC942}") = "10.3", "10.3\10.3.vcxproj", "{2D65172E-641A-43F7-B725-FA4314A0E46F}"
EndProject
Project("{8BC9CEB8-8B4A-11D0-8D11-00A0C91BC942}") = "10.4", "10.4\10.4.vcxproj", "{216DCFC2-A37B-4751-831E-D1F45323D4CD}"
EndProject
Project("{8BC9CEB8-8B4A-11D0-8D11-00A0C91BC942}") = "10.5", "10.5\10.5.vcxproj", "{8260A35E-792E-4646-BA3D-BC475A4A4C70}"
EndProject
Project("{8BC9CEB8-8B4A-11D0-8D11-00A0C91BC942}") = "10.6", "10.6\10.6.vcxproj", "{B04BA0BD-6449-4406-B4FA-F68EFF3AABAA}"
EndProject
Project("{8BC9CEB8-8B4A-11D0-8D11-00A0C91BC942}") = "10.7", "10.7\10.7.vcxproj", "{C9A8827F-CB4D-4AA3-ACAD-348F0551B2DA}"
EndProject
Project("{8BC9CEB8-8B4A-11D0-8D11-00A0C91BC942}") = "10.8", "10.8\10.8.vcxproj", "{3D3D5CB0-B8DD-4449-8087-A5324F11DB2D}"
EndProject
Global
	GlobalSection(SolutionConfigurationPlatforms) = preSolution
		Debug|x64 = Debug|x64
		Debug|x86 = Debug|x86
		Release|x64 = Release|x64
		Release|x86 = Release|x86
	EndGlobalSection
	GlobalSection(ProjectConfigurationPlatforms) = postSolution
		{478120AC-1C13-4779-8CF2-4B7CB25B4021}.Debug|x64.ActiveCfg = Debug|x64
		{478120AC-1C13-4779-8CF2-4B7CB25B4021}.Debug|x64.Build.0 = Debug|x64
		{478120AC-1C13-4779-8CF2-4B7CB25B4021}.Debug|x86.ActiveCfg = Debug|Win32
		{478120AC-1C13-4779-8CF2-4B7CB25B4021}.Debug|x86.Build.0 = Debug|Win32
		{478120AC-1C13-4779-8CF2-4B7CB25B4021}.Release|x64.ActiveCfg = Release|x64
		{478120AC-1C13-4779-8CF2-4B7CB25B4021}.Release|x64.Build.0 = Release|x64
		{478120AC-1C13-4779-8CF2-4B7CB25B4021}.Release|x86.ActiveCfg = Release|Win32
		{478120AC-1C13-4779-8CF2-4B7CB25B4021}.Release|x86.Build.0 = Release|Win32
		{F7ADEB45-B3FD-404B-BB5F-B8337E09B41D}.Debug|x64.ActiveCfg = Debug|x64
		{F7ADEB45-B3FD-404B-BB5F-B8337E09B41D}.Debug|x64.Build.0 = Debug|x64
		{F7ADEB45-B3FD-404B-BB5F-B8337E09B41D}.Debug|x86.ActiveCfg = Debug|Win32
		{F7ADEB45-B3FD-404B-BB5F-B8337E09B41D}.Debug|x86.Build.0 = Debug|Win32
		{F7ADEB45-B3FD-404B-BB5F-B8337E09B41D}.Release|x64.ActiveCfg = Release|x64
		{F7ADEB45-B3FD-404B-BB5F-B8337E09B41D}.Release|x64.Build.0 = Release|x64
		{F7ADEB45-B3FD-404B-BB5F-B8337E09B41D}.Release|x86.ActiveCfg = Release|Win32
		{F7ADEB45-B3FD-404B-BB5F-B8337E09B41D}.Release|x86.Build.0 = Release|Win32
		{2D65172E-641A-43F7-B725-FA4314A0E46F}.Debug|x64.ActiveCfg = Debug|x64
		{2D65172E-641A-43F7-B725-FA4314A0E46F}.Debug|x64.Build.0 = Debug|x64
		{2D65172E-641A-43F7-B725-FA4314A0E46F}.Debug|x86.ActiveCfg = Debug|Win32
		{2D65172E-641A-43F7-B725-FA4314A0E46F}.Debug|x86.Build.0 = Debug|Win32
		{2D65172E-641A-43F7-B725-FA4314A0E46F}.Release|x64.ActiveCfg = Release|x64
		{2D65172E-641A-43F7-B725-FA4314A0E46F}.Release|x64.Build.0 = Release|x64
		{2D65172E-641A-43F7-B725-FA4314A0E46F}.Release|x86.ActiveCfg = Release|Win32
		{2D65172E-641A-43F7-B725-FA4314A0E46F}.Release|x86.Build.0 = Release|Win32
		{216DCFC2-A37B-4751-831E-D1F45323D4CD}.Debug|x64.ActiveCfg = Debug|x64
		{216DCFC2-A37B-4751-831E-D1F45323D4CD}.Debug|x64.Build.0 = Debug|x64
		{216DCFC2-A37B-4751-831E-D1F45323D4CD}.Debug|x86.ActiveCfg = Debug|Win32
		{216DCFC2-A37B-4751-831E-D1F45323D4CD}.Debug|x86.Build.0 = Debug|Win32
		{216DCFC2-A37B-4751-831E-D1F45323D4CD}.Release|x64.ActiveCfg = Release|x64
		{216DCFC2-A37B-4751-831E-D1F45323D4CD}.Release|x64.Build.0 = Release|x64
		{216DCFC2-A37B-4751-831E-D1F45323D4CD}.Release|x86.ActiveCfg = Release|Win32
		{216DCFC2-A37B-4751-831E-D1F45323D4CD}.Release|x86.Build.0 = Release|Win32
		{8260A35E-792E-4646-BA3D-BC475A4A4C70}.Debug|x64.ActiveCfg = Debug|x64
		{8260A35E-792E-4646-BA3D-BC475A4A4C70}.Debug|x64.Build.0 = Debug|x64
		{8260A35E-792E-4646-BA3D-BC475A4A4C70}.Debug|x86.ActiveCfg = Debug|Win32
		{8260A35E-792E-4646-BA3D-BC475A4A4C70}.Debug|x86.Build.0 = Debug|Win32
		{8260A35E-792E-4646-BA3D-BC475A4A4C70}.Release|x64.ActiveCfg = Release|x64
		{8260A35E-792E-4646-BA3D-BC475A4A4C70}.Release|x64.Build.0 = Release|x64
		{8260A35E-792E-4646-BA3D-BC475A4A4C70}.Release|x86.ActiveCfg = Release|Win32
		{8260A35E-792E-4646-BA3D-BC475A4A4C70}.Release|x86.Build.0 = Release|Win32
		{B04BA0BD-6449-4406-B4FA-F68EFF3AABAA}.Debug|x64.ActiveCfg = Debug|x64
		{B04BA0BD-6449-4406-B4FA-F68EFF3AABAA}.Debug|x64.Build.0 = Debug|x64
		{B04BA0BD-6449-4406-B4FA-F68EFF3AABAA}.Debug|x86.ActiveCfg = Debug|Win32
		{B04BA0BD-6449-4406-B4FA-F68EFF3AABAA}.Debug|x86.Build.0 = Debug|Win32
		{B04BA0BD-6449-4406-B4FA-F68EFF3AABAA}.Release|x64.ActiveCfg = Release|x64
		{B04BA0BD-6449-4406-B4FA-F68EFF3AABAA}.Release|x64.Build.0 = Release|x64
		{B04BA0BD-6449-4406-B4FA-F68EFF3AABAA}.Release|x86.ActiveCfg = Release|Win32
		{B04BA0BD-6449-4406-B4FA-F68EFF3AABAA}.Release|x86.Build.0 = Release|Win32
		{C9A8827F-CB4D-4AA3-ACAD-348F0551B2DA}.Debug|x64.ActiveCfg = Debug|x64
		{C9A8827F-CB4D-4AA3-ACAD-348F0551B2DA}.Debug|x64.Build.0 = Debug|x64
		{C9A8827F-CB4D-4AA3-ACAD-348F0551B2DA}.Debug|x86.ActiveCfg = Debug|Win32
		{C9A8827F-CB4D-4AA3-ACAD-348F0551B2DA}.Debug|x86.Build.0 = Debug|Win32
		{C9A8827F-CB4D-4AA3-ACAD-348F0551B2DA}.Release|x64.ActiveCfg = Release|x64
		{C9A8827F-CB4D-4AA3-ACAD-348F0551B2DA}.Release|x64.Build.0 = Release|x64
		{C9A8827F-CB4D-4AA3-ACAD-348F0551B2DA}.Release|x86.ActiveCfg = Release|Win32
		{C9A8827F-CB4D-4AA3-ACAD-348F0551B2DA}.Release|x86.Build.0 = Release|Win32
		{3D3D5CB0-B8DD-4449-8087-A5324F11DB2D}.Debug|x64.ActiveCfg = Debug|x64
		{3D3D5CB0-B8DD-4449-8087-A5324F11DB2D}.Debug|x64.Build.0 = Debug|x64
		{3D3D5CB0-B8DD-4449-8087-A5324F11DB2D}.Debug|x86.ActiveCfg = Debug|Win32
		{3D3D5CB0-B8DD-4449-8087-A5324F11DB2D}.Debug|x86.Build.0 = Debug|Win32
		{3D3D5CB0-B8DD-4449-8087-A5324F11DB2D}.Release|x64.ActiveCfg = Release|x64
		{3D3D5CB0-B8DD-4449-8087-A5324F11DB2D}.Release|x64.Build.0 = Release|x64
		{3D3D5CB0-B8DD-4449-8087-A5324F11DB2D}.Release|x86.ActiveCfg = Release|Win32
		{3D3D5CB0-B8DD-4449-8087-A5324F11DB2D}.Release|x86.Build.0 = Release|Win32
	EndGlobalSection
	GlobalSection(SolutionProperties) = preSolution
		HideSolutionNode = FALSE
	EndGlobalSection
	GlobalSection(ExtensibilityGlobals) = postSolution
		SolutionGuid = {C7DD63C6-F300-433D-8741-2BAF26621A55}
	EndGlobalSection
EndGlobal
